
Microsoft Visual Studio Solution File, Format Version 12.00
# Visual Studio 15
Project("{FAE04EC0-301F-11D3-BF4B-00C04F79EFBC}") = "HandWriteEditor", "HandWriteEditor.csproj", "{E8E5EEAF-0056-9F6A-3A57-11B4913533A2}"
EndProject
Project("{FAE04EC0-301F-11D3-BF4B-00C04F79EFBC}") = "HandWriteEditor.Editor", "HandWriteEditor.Editor.csproj", "{EA38BC59-4A7E-47A5-3FEC-25DE9CAF5011}"
EndProject
Global
	GlobalSection(SolutionConfigurationPlatforms) = preSolution
		Debug|Any CPU = Debug|Any CPU
		Release|Any CPU = Release|Any CPU
	EndGlobalSection
	GlobalSection(ProjectConfigurationPlatforms) = postSolution
		{E8E5EEAF-0056-9F6A-3A57-11B4913533A2}.Debug|Any CPU.ActiveCfg = Debug|Any CPU
		{E8E5EEAF-0056-9F6A-3A57-11B4913533A2}.Debug|Any CPU.Build.0 = Debug|Any CPU
		{E8E5EEAF-0056-9F6A-3A57-11B4913533A2}.Release|Any CPU.ActiveCfg = Release|Any CPU
		{E8E5EEAF-0056-9F6A-3A57-11B4913533A2}.Release|Any CPU.Build.0 = Release|Any CPU
		{EA38BC59-4A7E-47A5-3FEC-25DE9CAF5011}.Debug|Any CPU.ActiveCfg = Debug|Any CPU
		{EA38BC59-4A7E-47A5-3FEC-25DE9CAF5011}.Debug|Any CPU.Build.0 = Debug|Any CPU
		{EA38BC59-4A7E-47A5-3FEC-25DE9CAF5011}.Release|Any CPU.ActiveCfg = Release|Any CPU
		{EA38BC59-4A7E-47A5-3FEC-25DE9CAF5011}.Release|Any CPU.Build.0 = Release|Any CPU
	EndGlobalSection
	GlobalSection(SolutionProperties) = preSolution
		HideSolutionNode = FALSE
	EndGlobalSection
EndGlobal
